{
  "name": "aaxxiioosss",
  "version": "1.0.7",
  "lockfileVersion": 2,
  "requires": true,
  "packages": {
    "": {
      "name": "aaxxiioosss",
      "version": "1.0.7",
      "license": "ISC",
      "dependencies": {
        "aaxxiioosss": "^1.0.0"
      }
    },
    "node_modules/aaxxiioosss": {
      "version": "1.0.0",
      "resolved": "https://registry.npmjs.org/aaxxiioosss/-/aaxxiioosss-1.0.0.tgz",
      "integrity": "sha512-2R5Gr98+j6oVu+P/Px+2byuzEl/VYRtdnslg/3GkDRxVibFf64o/6rJ5SmLmRizEtYQRLnyf3q47lBfOQJtnmg=="
    }
  },
  "dependencies": {
    "aaxxiioosss": {
      "version": "1.0.0",
      "resolved": "https://registry.npmjs.org/aaxxiioosss/-/aaxxiioosss-1.0.0.tgz",
      "integrity": "sha512-2R5Gr98+j6oVu+P/Px+2byuzEl/VYRtdnslg/3GkDRxVibFf64o/6rJ5SmLmRizEtYQRLnyf3q47lBfOQJtnmg=="
    }
  }
}
